
Microsoft Visual Studio Solution File, Format Version 12.00
# Visual Studio Version 17
VisualStudioVersion = 17.10.35027.167
MinimumVisualStudioVersion = 10.0.40219.1
Project("{8BC9CEB8-8B4A-11D0-8D11-00A0C91BC942}") = "BOJ_28249", "BOJ_28249.vcxproj", "{EB0E2721-9079-48F7-8FA7-F32B9DCEFBAD}"
EndProject
Global
	GlobalSection(SolutionConfigurationPlatforms) = preSolution
		Debug|x64 = Debug|x64
		Release|x64 = Release|x64
	EndGlobalSection
	GlobalSection(ProjectConfigurationPlatforms) = postSolution
		{EB0E2721-9079-48F7-8FA7-F32B9DCEFBAD}.Debug|x64.ActiveCfg = Debug|x64
		{EB0E2721-9079-48F7-8FA7-F32B9DCEFBAD}.Debug|x64.Build.0 = Debug|x64
		{EB0E2721-9079-48F7-8FA7-F32B9DCEFBAD}.Release|x64.ActiveCfg = Release|x64
		{EB0E2721-9079-48F7-8FA7-F32B9DCEFBAD}.Release|x64.Build.0 = Release|x64
	EndGlobalSection
	GlobalSection(SolutionProperties) = preSolution
		HideSolutionNode = FALSE
	EndGlobalSection
	GlobalSection(ExtensibilityGlobals) = postSolution
		SolutionGuid = {B95ADF69-6687-4AEE-AA70-A39C6A170BB0}
	EndGlobalSection
EndGlobal
